
Microsoft Visual Studio Solution File, Format Version 12.00
# Visual Studio 2012
Project("{FAE04EC0-301F-11D3-BF4B-00C04F79EFBC}") = "ListLinkType", "ListLinkType\ListLinkType.csproj", "{F45E6FD5-DA73-4F5A-A3F2-A02EA23956AA}"
EndProject
Global
	GlobalSection(SolutionConfigurationPlatforms) = preSolution
		Debug|Any CPU = Debug|Any CPU
		Release|Any CPU = Release|Any CPU
	EndGlobalSection
	GlobalSection(ProjectConfigurationPlatforms) = postSolution
		{F45E6FD5-DA73-4F5A-A3F2-A02EA23956AA}.Debug|Any CPU.ActiveCfg = Debug|Any CPU
		{F45E6FD5-DA73-4F5A-A3F2-A02EA23956AA}.Debug|Any CPU.Build.0 = Debug|Any CPU
		{F45E6FD5-DA73-4F5A-A3F2-A02EA23956AA}.Release|Any CPU.ActiveCfg = Release|Any CPU
		{F45E6FD5-DA73-4F5A-A3F2-A02EA23956AA}.Release|Any CPU.Build.0 = Release|Any CPU
	EndGlobalSection
	GlobalSection(SolutionProperties) = preSolution
		HideSolutionNode = FALSE
	EndGlobalSection
EndGlobal
